
Microsoft Visual Studio Solution File, Format Version 12.00
# Visual Studio Version 17
VisualStudioVersion = 17.2.32526.322
MinimumVisualStudioVersion = 10.0.40219.1
Project("{9A19103F-16F7-4668-BE54-9A1E7A4F7556}") = "HealthQues", "HealthQues.csproj", "{AD0C2835-8177-4C07-BE7B-77F53BF11116}"
EndProject
Global
	GlobalSection(SolutionConfigurationPlatforms) = preSolution
		Debug|Any CPU = Debug|Any CPU
		Release|Any CPU = Release|Any CPU
	EndGlobalSection
	GlobalSection(ProjectConfigurationPlatforms) = postSolution
		{AD0C2835-8177-4C07-BE7B-77F53BF11116}.Debug|Any CPU.ActiveCfg = Debug|Any CPU
		{AD0C2835-8177-4C07-BE7B-77F53BF11116}.Debug|Any CPU.Build.0 = Debug|Any CPU
		{AD0C2835-8177-4C07-BE7B-77F53BF11116}.Release|Any CPU.ActiveCfg = Release|Any CPU
		{AD0C2835-8177-4C07-BE7B-77F53BF11116}.Release|Any CPU.Build.0 = Release|Any CPU
	EndGlobalSection
	GlobalSection(SolutionProperties) = preSolution
		HideSolutionNode = FALSE
	EndGlobalSection
	GlobalSection(ExtensibilityGlobals) = postSolution
		SolutionGuid = {BF266B67-6FBD-4CF0-ACF9-49B451F0E174}
	EndGlobalSection
EndGlobal
